
Microsoft Visual Studio Solution File, Format Version 12.00
# Visual Studio Version 16
VisualStudioVersion = 16.0.29613.14
MinimumVisualStudioVersion = 10.0.40219.1
Project("{FAE04EC0-301F-11D3-BF4B-00C04F79EFBC}") = "SampleGovernanceRules", "SampleGovernanceRules\SampleGovernanceRules.csproj", "{B494A77C-2F5D-4DE2-9534-AF80F6E3C49C}"
EndProject
Project("{FAE04EC0-301F-11D3-BF4B-00C04F79EFBC}") = "SampleGovernanceRules.Tests", "SampleGovernanceRules.Tests\SampleGovernanceRules.Tests.csproj", "{9975749B-582A-4BF7-B329-E88CE734A58A}"
EndProject
Global
	GlobalSection(SolutionConfigurationPlatforms) = preSolution
		Debug|Any CPU = Debug|Any CPU
		Release|Any CPU = Release|Any CPU
	EndGlobalSection
	GlobalSection(ProjectConfigurationPlatforms) = postSolution
		{B494A77C-2F5D-4DE2-9534-AF80F6E3C49C}.Debug|Any CPU.ActiveCfg = Debug|Any CPU
		{B494A77C-2F5D-4DE2-9534-AF80F6E3C49C}.Debug|Any CPU.Build.0 = Debug|Any CPU
		{B494A77C-2F5D-4DE2-9534-AF80F6E3C49C}.Release|Any CPU.ActiveCfg = Release|Any CPU
		{B494A77C-2F5D-4DE2-9534-AF80F6E3C49C}.Release|Any CPU.Build.0 = Release|Any CPU
		{9975749B-582A-4BF7-B329-E88CE734A58A}.Debug|Any CPU.ActiveCfg = Debug|Any CPU
		{9975749B-582A-4BF7-B329-E88CE734A58A}.Debug|Any CPU.Build.0 = Debug|Any CPU
		{9975749B-582A-4BF7-B329-E88CE734A58A}.Release|Any CPU.ActiveCfg = Release|Any CPU
		{9975749B-582A-4BF7-B329-E88CE734A58A}.Release|Any CPU.Build.0 = Release|Any CPU
	EndGlobalSection
	GlobalSection(SolutionProperties) = preSolution
		HideSolutionNode = FALSE
	EndGlobalSection
	GlobalSection(ExtensibilityGlobals) = postSolution
		SolutionGuid = {A5A66327-95B0-4AD3-96CF-8F73C4639E0A}
	EndGlobalSection
EndGlobal
